
Microsoft Visual Studio Solution File, Format Version 12.00
# Visual Studio Version 17
VisualStudioVersion = 17.1.32328.378
MinimumVisualStudioVersion = 10.0.40219.1
Project("{FAE04EC0-301F-11D3-BF4B-00C04F79EFBC}") = "Serialize", "Serialize.csproj", "{9E68FDE4-973C-48D5-B5B5-347795426496}"
EndProject
Global
	GlobalSection(SolutionConfigurationPlatforms) = preSolution
		Debug|Any CPU = Debug|Any CPU
		Release|Any CPU = Release|Any CPU
	EndGlobalSection
	GlobalSection(ProjectConfigurationPlatforms) = postSolution
		{9E68FDE4-973C-48D5-B5B5-347795426496}.Debug|Any CPU.ActiveCfg = Debug|Any CPU
		{9E68FDE4-973C-48D5-B5B5-347795426496}.Debug|Any CPU.Build.0 = Debug|Any CPU
		{9E68FDE4-973C-48D5-B5B5-347795426496}.Release|Any CPU.ActiveCfg = Release|Any CPU
		{9E68FDE4-973C-48D5-B5B5-347795426496}.Release|Any CPU.Build.0 = Release|Any CPU
	EndGlobalSection
	GlobalSection(SolutionProperties) = preSolution
		HideSolutionNode = FALSE
	EndGlobalSection
	GlobalSection(ExtensibilityGlobals) = postSolution
		SolutionGuid = {BCA9CDD3-0E58-4993-A7F4-8947AC122DED}
	EndGlobalSection
EndGlobal
